// !$*UTF8*$!
{
	archiveVersion = 1;
	classes = {
	};
	objectVersion = 56;
	objects = {

/* Begin PBXBuildFile section */
		B7222759298320BD003B69C2 /* TaxesCalculator.swift in Sources */ = {isa = PBXBuildFile; fileRef = B7222758298320BD003B69C2 /* TaxesCalculator.swift */; };
		B722275B298325A9003B69C2 /* UIViewController+TaxesCalculator.swift in Sources */ = {isa = PBXBuildFile; fileRef = B722275A298325A9003B69C2 /* UIViewController+TaxesCalculator.swift */; };
		B7335167297ECAED00BE9A90 /* AppDelegate.swift in Sources */ = {isa = PBXBuildFile; fileRef = B7335166297ECAED00BE9A90 /* AppDelegate.swift */; };
		B7335169297ECAED00BE9A90 /* SceneDelegate.swift in Sources */ = {isa = PBXBuildFile; fileRef = B7335168297ECAED00BE9A90 /* SceneDelegate.swift */; };
		B733516B297ECAED00BE9A90 /* ShoppingViewController.swift in Sources */ = {isa = PBXBuildFile; fileRef = B733516A297ECAED00BE9A90 /* ShoppingViewController.swift */; };
		B733516E297ECAED00BE9A90 /* Main.storyboard in Resources */ = {isa = PBXBuildFile; fileRef = B733516C297ECAED00BE9A90 /* Main.storyboard */; };
		B7335170297ECAEF00BE9A90 /* Assets.xcassets in Resources */ = {isa = PBXBuildFile; fileRef = B733516F297ECAEF00BE9A90 /* Assets.xcassets */; };
		B7335173297ECAEF00BE9A90 /* LaunchScreen.storyboard in Resources */ = {isa = PBXBuildFile; fileRef = B7335171297ECAEF00BE9A90 /* LaunchScreen.storyboard */; };
		B733517B297ED14200BE9A90 /* SettingsViewController.swift in Sources */ = {isa = PBXBuildFile; fileRef = B733517A297ED14200BE9A90 /* SettingsViewController.swift */; };
		B733517D297ED15600BE9A90 /* TaxesViewController.swift in Sources */ = {isa = PBXBuildFile; fileRef = B733517C297ED15600BE9A90 /* TaxesViewController.swift */; };
/* End PBXBuildFile section */

/* Begin PBXFileReference section */
		B7222758298320BD003B69C2 /* TaxesCalculator.swift */ = {isa = PBXFileReference; lastKnownFileType = sourcecode.swift; path = TaxesCalculator.swift; sourceTree = "<group>"; };
		B722275A298325A9003B69C2 /* UIViewController+TaxesCalculator.swift */ = {isa = PBXFileReference; lastKnownFileType = sourcecode.swift; path = "UIViewController+TaxesCalculator.swift"; sourceTree = "<group>"; };
		B7335163297ECAED00BE9A90 /* Compras USA.app */ = {isa = PBXFileReference; explicitFileType = wrapper.application; includeInIndex = 0; path = "Compras USA.app"; sourceTree = BUILT_PRODUCTS_DIR; };
		B7335166297ECAED00BE9A90 /* AppDelegate.swift */ = {isa = PBXFileReference; lastKnownFileType = sourcecode.swift; path = AppDelegate.swift; sourceTree = "<group>"; };
		B7335168297ECAED00BE9A90 /* SceneDelegate.swift */ = {isa = PBXFileReference; lastKnownFileType = sourcecode.swift; path = SceneDelegate.swift; sourceTree = "<group>"; };
		B733516A297ECAED00BE9A90 /* ShoppingViewController.swift */ = {isa = PBXFileReference; lastKnownFileType = sourcecode.swift; path = ShoppingViewController.swift; sourceTree = "<group>"; };
		B733516D297ECAED00BE9A90 /* Base */ = {isa = PBXFileReference; lastKnownFileType = file.storyboard; name = Base; path = Base.lproj/Main.storyboard; sourceTree = "<group>"; };
		B733516F297ECAEF00BE9A90 /* Assets.xcassets */ = {isa = PBXFileReference; lastKnownFileType = folder.assetcatalog; path = Assets.xcassets; sourceTree = "<group>"; };
		B7335172297ECAEF00BE9A90 /* Base */ = {isa = PBXFileReference; lastKnownFileType = file.storyboard; name = Base; path = Base.lproj/LaunchScreen.storyboard; sourceTree = "<group>"; };
		B7335174297ECAEF00BE9A90 /* Info.plist */ = {isa = PBXFileReference; lastKnownFileType = text.plist.xml; path = Info.plist; sourceTree = "<group>"; };
		B733517A297ED14200BE9A90 /* SettingsViewController.swift */ = {isa = PBXFileReference; lastKnownFileType = sourcecode.swift; path = SettingsViewController.swift; sourceTree = "<group>"; };
		B733517C297ED15600BE9A90 /* TaxesViewController.swift */ = {isa = PBXFileReference; lastKnownFileType = sourcecode.swift; path = TaxesViewController.swift; sourceTree = "<group>"; };
/* End PBXFileReference section */

/* Begin PBXFrameworksBuildPhase section */
		B7335160297ECAED00BE9A90 /* Frameworks */ = {
			isa = PBXFrameworksBuildPhase;
			buildActionMask = 2147483647;
			files = (
			);
			runOnlyForDeploymentPostprocessing = 0;
		};
/* End PBXFrameworksBuildPhase section */

/* Begin PBXGroup section */
		B733515A297ECAED00BE9A90 = {
			isa = PBXGroup;
			children = (
				B7335165297ECAED00BE9A90 /* Compras USA */,
				B7335164297ECAED00BE9A90 /* Products */,
			);
			sourceTree = "<group>";
		};
		B7335164297ECAED00BE9A90 /* Products */ = {
			isa = PBXGroup;
			children = (
				B7335163297ECAED00BE9A90 /* Compras USA.app */,
			);
			name = Products;
			sourceTree = "<group>";
		};
		B7335165297ECAED00BE9A90 /* Compras USA */ = {
			isa = PBXGroup;
			children = (
				B7335166297ECAED00BE9A90 /* AppDelegate.swift */,
				B7335168297ECAED00BE9A90 /* SceneDelegate.swift */,
				B733516A297ECAED00BE9A90 /* ShoppingViewController.swift */,
				B733517A297ED14200BE9A90 /* SettingsViewController.swift */,
				B733517C297ED15600BE9A90 /* TaxesViewController.swift */,
				B733516C297ECAED00BE9A90 /* Main.storyboard */,
				B7222758298320BD003B69C2 /* TaxesCalculator.swift */,
				B722275A298325A9003B69C2 /* UIViewController+TaxesCalculator.swift */,
				B733516F297ECAEF00BE9A90 /* Assets.xcassets */,
				B7335171297ECAEF00BE9A90 /* LaunchScreen.storyboard */,
				B7335174297ECAEF00BE9A90 /* Info.plist */,
			);
			path = "Compras USA";
			sourceTree = "<group>";
		};
/* End PBXGroup section */

/* Begin PBXNativeTarget section */
		B7335162297ECAED00BE9A90 /* Compras USA */ = {
			isa = PBXNativeTarget;
			buildConfigurationList = B7335177297ECAEF00BE9A90 /* Build configuration list for PBXNativeTarget "Compras USA" */;
			buildPhases = (
				B733515F297ECAED00BE9A90 /* Sources */,
				B7335160297ECAED00BE9A90 /* Frameworks */,
				B7335161297ECAED00BE9A90 /* Resources */,
			);
			buildRules = (
			);
			dependencies = (
			);
			name = "Compras USA";
			productName = "Compras USA";
			productReference = B7335163297ECAED00BE9A90 /* Compras USA.app */;
			productType = "com.apple.product-type.application";
		};
/* End PBXNativeTarget section */

/* Begin PBXProject section */
		B733515B297ECAED00BE9A90 /* Project object */ = {
			isa = PBXProject;
			attributes = {
				BuildIndependentTargetsInParallel = 1;
				LastSwiftUpdateCheck = 1420;
				LastUpgradeCheck = 1420;
				TargetAttributes = {
					B7335162297ECAED00BE9A90 = {
						CreatedOnToolsVersion = 14.2;
					};
				};
			};
			buildConfigurationList = B733515E297ECAED00BE9A90 /* Build configuration list for PBXProject "Compras USA" */;
			compatibilityVersion = "Xcode 14.0";
			developmentRegion = en;
			hasScannedForEncodings = 0;
			knownRegions = (
				en,
				Base,
			);
			mainGroup = B733515A297ECAED00BE9A90;
			productRefGroup = B7335164297ECAED00BE9A90 /* Products */;
			projectDirPath = "";
			projectRoot = "";
			targets = (
				B7335162297ECAED00BE9A90 /* Compras USA */,
			);
		};
/* End PBXProject section */

/* Begin PBXResourcesBuildPhase section */
		B7335161297ECAED00BE9A90 /* Resources */ = {
			isa = PBXResourcesBuildPhase;
			buildActionMask = 2147483647;
			files = (
				B7335173297ECAEF00BE9A90 /* LaunchScreen.storyboard in Resources */,
				B7335170297ECAEF00BE9A90 /* Assets.xcassets in Resources */,
				B733516E297ECAED00BE9A90 /* Main.storyboard in Resources */,
			);
			runOnlyForDeploymentPostprocessing = 0;
		};
/* End PBXResourcesBuildPhase section */

/* Begin PBXSourcesBuildPhase section */
		B733515F297ECAED00BE9A90 /* Sources */ = {
			isa = PBXSourcesBuildPhase;
			buildActionMask = 2147483647;
			files = (
				B733516B297ECAED00BE9A90 /* ShoppingViewController.swift in Sources */,
				B7335167297ECAED00BE9A90 /* AppDelegate.swift in Sources */,
				B733517D297ED15600BE9A90 /* TaxesViewController.swift in Sources */,
				B7222759298320BD003B69C2 /* TaxesCalculator.swift in Sources */,
				B722275B298325A9003B69C2 /* UIViewController+TaxesCalculator.swift in Sources */,
				B7335169297ECAED00BE9A90 /* SceneDelegate.swift in Sources */,
				B733517B297ED14200BE9A90 /* SettingsViewController.swift in Sources */,
			);
			runOnlyForDeploymentPostprocessing = 0;
		};
/* End PBXSourcesBuildPhase section */

/* Begin PBXVariantGroup section */
		B733516C297ECAED00BE9A90 /* Main.storyboard */ = {
			isa = PBXVariantGroup;
			children = (
				B733516D297ECAED00BE9A90 /* Base */,
			);
			name = Main.storyboard;
			sourceTree = "<group>";
		};
		B7335171297ECAEF00BE9A90 /* LaunchScreen.storyboard */ = {
			isa = PBXVariantGroup;
			children = (
				B7335172297ECAEF00BE9A90 /* Base */,
			);
			name = LaunchScreen.storyboard;
			sourceTree = "<group>";
		};
/* End PBXVariantGroup section */

/* Begin XCBuildConfiguration section */
		B7335175297ECAEF00BE9A90 /* Debug */ = {
			isa = XCBuildConfiguration;
			buildSettings = {
				ALWAYS_SEARCH_USER_PATHS = NO;
				CLANG_ANALYZER_NONNULL = YES;
				CLANG_ANALYZER_NUMBER_OBJECT_CONVERSION = YES_AGGRESSIVE;
				CLANG_CXX_LANGUAGE_STANDARD = "gnu++20";
				CLANG_ENABLE_MODULES = YES;
				CLANG_ENABLE_OBJC_ARC = YES;
				CLANG_ENABLE_OBJC_WEAK = YES;
				CLANG_WARN_BLOCK_CAPTURE_AUTORELEASING = YES;
				CLANG_WARN_BOOL_CONVERSION = YES;
				CLANG_WARN_COMMA = YES;
				CLANG_WARN_CONSTANT_CONVERSION = YES;
				CLANG_WARN_DEPRECATED_OBJC_IMPLEMENTATIONS = YES;
				CLANG_WARN_DIRECT_OBJC_ISA_USAGE = YES_ERROR;
				CLANG_WARN_DOCUMENTATION_COMMENTS = YES;
				CLANG_WARN_EMPTY_BODY = YES;
				CLANG_WARN_ENUM_CONVERSION = YES;
				CLANG_WARN_INFINITE_RECURSION = YES;
				CLANG_WARN_INT_CONVERSION = YES;
				CLANG_WARN_NON_LITERAL_NULL_CONVERSION = YES;
				CLANG_WARN_OBJC_IMPLICIT_RETAIN_SELF = YES;
				CLANG_WARN_OBJC_LITERAL_CONVERSION = YES;
				CLANG_WARN_OBJC_ROOT_CLASS = YES_ERROR;
				CLANG_WARN_QUOTED_INCLUDE_IN_FRAMEWORK_HEADER = YES;
				CLANG_WARN_RANGE_LOOP_ANALYSIS = YES;
				CLANG_WARN_STRICT_PROTOTYPES = YES;
				CLANG_WARN_SUSPICIOUS_MOVE = YES;
				CLANG_WARN_UNGUARDED_AVAILABILITY = YES_AGGRESSIVE;
				CLANG_WARN_UNREACHABLE_CODE = YES;
				CLANG_WARN__DUPLICATE_METHOD_MATCH = YES;
				COPY_PHASE_STRIP = NO;
				DEBUG_INFORMATION_FORMAT = dwarf;
				ENABLE_STRICT_OBJC_MSGSEND = YES;
				ENABLE_TESTABILITY = YES;
				GCC_C_LANGUAGE_STANDARD = gnu11;
				GCC_DYNAMIC_NO_PIC = NO;
				GCC_NO_COMMON_BLOCKS = YES;
				GCC_OPTIMIZATION_LEVEL = 0;
				GCC_PREPROCESSOR_DEFINITIONS = (
					"DEBUG=1",
					"$(inherited)",
				);
				GCC_WARN_64_TO_32_BIT_CONVERSION = YES;
				GCC_WARN_ABOUT_RETURN_TYPE = YES_ERROR;
				GCC_WARN_UNDECLARED_SELECTOR = YES;
				GCC_WARN_UNINITIALIZED_AUTOS = YES_AGGRESSIVE;
				GCC_WARN_UNUSED_FUNCTION = YES;
				GCC_WARN_UNUSED_VARIABLE = YES;
				IPHONEOS_DEPLOYMENT_TARGET = 16.2;
				MTL_ENABLE_DEBUG_INFO = INCLUDE_SOURCE;
				MTL_FAST_MATH = YES;
				ONLY_ACTIVE_ARCH = YES;
				SDKROOT = iphoneos;
				SWIFT_ACTIVE_COMPILATION_CONDITIONS = DEBUG;
				SWIFT_OPTIMIZATION_LEVEL = "-Onone";
			};
			name = Debug;
		};
		B7335176297ECAEF00BE9A90 /* Release */ = {
			isa = XCBuildConfiguration;
			buildSettings = {
				ALWAYS_SEARCH_USER_PATHS = NO;
				CLANG_ANALYZER_NONNULL = YES;
				CLANG_ANALYZER_NUMBER_OBJECT_CONVERSION = YES_AGGRESSIVE;
				CLANG_CXX_LANGUAGE_STANDARD = "gnu++20";
				CLANG_ENABLE_MODULES = YES;
				CLANG_ENABLE_OBJC_ARC = YES;
				CLANG_ENABLE_OBJC_WEAK = YES;
				CLANG_WARN_BLOCK_CAPTURE_AUTORELEASING = YES;
				CLANG_WARN_BOOL_CONVERSION = YES;
				CLANG_WARN_COMMA = YES;
				CLANG_WARN_CONSTANT_CONVERSION = YES;
				CLANG_WARN_DEPRECATED_OBJC_IMPLEMENTATIONS = YES;
				CLANG_WARN_DIRECT_OBJC_ISA_USAGE = YES_ERROR;
				CLANG_WARN_DOCUMENTATION_COMMENTS = YES;
				CLANG_WARN_EMPTY_BODY = YES;
				CLANG_WARN_ENUM_CONVERSION = YES;
				CLANG_WARN_INFINITE_RECURSION = YES;
				CLANG_WARN_INT_CONVERSION = YES;
				CLANG_WARN_NON_LITERAL_NULL_CONVERSION = YES;
				CLANG_WARN_OBJC_IMPLICIT_RETAIN_SELF = YES;
				CLANG_WARN_OBJC_LITERAL_CONVERSION = YES;
				CLANG_WARN_OBJC_ROOT_CLASS = YES_ERROR;
				CLANG_WARN_QUOTED_INCLUDE_IN_FRAMEWORK_HEADER = YES;
				CLANG_WARN_RANGE_LOOP_ANALYSIS = YES;
				CLANG_WARN_STRICT_PROTOTYPES = YES;
				CLANG_WARN_SUSPICIOUS_MOVE = YES;
				CLANG_WARN_UNGUARDED_AVAILABILITY = YES_AGGRESSIVE;
				CLANG_WARN_UNREACHABLE_CODE = YES;
				CLANG_WARN__DUPLICATE_METHOD_MATCH = YES;
				COPY_PHASE_STRIP = NO;
				DEBUG_INFORMATION_FORMAT = "dwarf-with-dsym";
				ENABLE_NS_ASSERTIONS = NO;
				ENABLE_STRICT_OBJC_MSGSEND = YES;
				GCC_C_LANGUAGE_STANDARD = gnu11;
				GCC_NO_COMMON_BLOCKS = YES;
				GCC_WARN_64_TO_32_BIT_CONVERSION = YES;
				GCC_WARN_ABOUT_RETURN_TYPE = YES_ERROR;
				GCC_WARN_UNDECLARED_SELECTOR = YES;
				GCC_WARN_UNINITIALIZED_AUTOS = YES_AGGRESSIVE;
				GCC_WARN_UNUSED_FUNCTION = YES;
				GCC_WARN_UNUSED_VARIABLE = YES;
				IPHONEOS_DEPLOYMENT_TARGET = 16.2;
				MTL_ENABLE_DEBUG_INFO = NO;
				MTL_FAST_MATH = YES;
				SDKROOT = iphoneos;
				SWIFT_COMPILATION_MODE = wholemodule;
				SWIFT_OPTIMIZATION_LEVEL = "-O";
				VALIDATE_PRODUCT = YES;
			};
			name = Release;
		};
		B7335178297ECAEF00BE9A90 /* Debug */ = {
			isa = XCBuildConfiguration;
			buildSettings = {
				ASSETCATALOG_COMPILER_APPICON_NAME = AppIcon;
				ASSETCATALOG_COMPILER_GLOBAL_ACCENT_COLOR_NAME = AccentColor;
				CODE_SIGN_STYLE = Automatic;
				CURRENT_PROJECT_VERSION = 1;
				DEVELOPMENT_TEAM = 3Y5F7BP894;
				GENERATE_INFOPLIST_FILE = YES;
				INFOPLIST_FILE = "Compras USA/Info.plist";
				INFOPLIST_KEY_UIApplicationSupportsIndirectInputEvents = YES;
				INFOPLIST_KEY_UILaunchStoryboardName = LaunchScreen;
				INFOPLIST_KEY_UIMainStoryboardFile = Main;
				INFOPLIST_KEY_UISupportedInterfaceOrientations_iPad = "UIInterfaceOrientationPortrait UIInterfaceOrientationPortraitUpsideDown UIInterfaceOrientationLandscapeLeft UIInterfaceOrientationLandscapeRight";
				INFOPLIST_KEY_UISupportedInterfaceOrientations_iPhone = "UIInterfaceOrientationPortrait UIInterfaceOrientationLandscapeLeft UIInterfaceOrientationLandscapeRight";
				LD_RUNPATH_SEARCH_PATHS = (
					"$(inherited)",
					"@executable_path/Frameworks",
				);
				MARKETING_VERSION = 1.0;
				PRODUCT_BUNDLE_IDENTIFIER = "vloss.com.br.Compras-USA";
				PRODUCT_NAME = "$(TARGET_NAME)";
				SWIFT_EMIT_LOC_STRINGS = YES;
				SWIFT_VERSION = 5.0;
				TARGETED_DEVICE_FAMILY = "1,2";
			};
			name = Debug;
		};
		B7335179297ECAEF00BE9A90 /* Release */ = {
			isa = XCBuildConfiguration;
			buildSettings = {
				ASSETCATALOG_COMPILER_APPICON_NAME = AppIcon;
				ASSETCATALOG_COMPILER_GLOBAL_ACCENT_COLOR_NAME = AccentColor;
				CODE_SIGN_STYLE = Automatic;
				CURRENT_PROJECT_VERSION = 1;
				DEVELOPMENT_TEAM = 3Y5F7BP894;
				GENERATE_INFOPLIST_FILE = YES;
				INFOPLIST_FILE = "Compras USA/Info.plist";
				INFOPLIST_KEY_UIApplicationSupportsIndirectInputEvents = YES;
				INFOPLIST_KEY_UILaunchStoryboardName = LaunchScreen;
				INFOPLIST_KEY_UIMainStoryboardFile = Main;
				INFOPLIST_KEY_UISupportedInterfaceOrientations_iPad = "UIInterfaceOrientationPortrait UIInterfaceOrientationPortraitUpsideDown UIInterfaceOrientationLandscapeLeft UIInterfaceOrientationLandscapeRight";
				INFOPLIST_KEY_UISupportedInterfaceOrientations_iPhone = "UIInterfaceOrientationPortrait UIInterfaceOrientationLandscapeLeft UIInterfaceOrientationLandscapeRight";
				LD_RUNPATH_SEARCH_PATHS = (
					"$(inherited)",
					"@executable_path/Frameworks",
				);
				MARKETING_VERSION = 1.0;
				PRODUCT_BUNDLE_IDENTIFIER = "vloss.com.br.Compras-USA";
				PRODUCT_NAME = "$(TARGET_NAME)";
				SWIFT_EMIT_LOC_STRINGS = YES;
				SWIFT_VERSION = 5.0;
				TARGETED_DEVICE_FAMILY = "1,2";
			};
			name = Release;
		};
/* End XCBuildConfiguration section */

/* Begin XCConfigurationList section */
		B733515E297ECAED00BE9A90 /* Build configuration list for PBXProject "Compras USA" */ = {
			isa = XCConfigurationList;
			buildConfigurations = (
				B7335175297ECAEF00BE9A90 /* Debug */,
				B7335176297ECAEF00BE9A90 /* Release */,
			);
			defaultConfigurationIsVisible = 0;
			defaultConfigurationName = Release;
		};
		B7335177297ECAEF00BE9A90 /* Build configuration list for PBXNativeTarget "Compras USA" */ = {
			isa = XCConfigurationList;
			buildConfigurations = (
				B7335178297ECAEF00BE9A90 /* Debug */,
				B7335179297ECAEF00BE9A90 /* Release */,
			);
			defaultConfigurationIsVisible = 0;
			defaultConfigurationName = Release;
		};
/* End XCConfigurationList section */
	};
	rootObject = B733515B297ECAED00BE9A90 /* Project object */;
}
